<Solution>
  <Folder Name="/02/">
    <Project Path="TheGreatestNumber/TheGreatestNumber.csproj" Id="de428d64-466b-4ff4-b7a6-79b7b03a860e" />
  </Folder>
  <Folder Name="/03/">
    <Project Path="OrderingOfThreeNumbers/OrderingOfThreeNumbers.csproj" Id="19a681b3-0be2-424c-88bf-d9e2d8073d29" />
  </Folder>
  <Folder Name="/04/">
    <Project Path="IsMultipleOfAnother/IsMultipleOfAnother.csproj" Id="5d8f44ad-523f-4b7d-a529-2536c06dfeab" />
  </Folder>
  <Folder Name="/05/">
    <Project Path="IsLeapYear/IsLeapYear.csproj" Id="daa91247-f1a9-4e94-89b0-1f602345bec2" />
  </Folder>
  <Folder Name="/06/">
    <Project Path="SimplePayroll/SimplePayroll.csproj" Id="9ff9d0fd-966e-471e-8fc3-7a2a197575a0" />
  </Folder>
  <Folder Name="/07/">
    <Project Path="Discounts/Discounts.csproj" Id="615c4cea-cfd5-4390-8584-d3ffd727a85f" />
  </Folder>
  <Folder Name="/08/">
    <Project Path="RegistrationValue/RegistrationValue.csproj" Id="d1aefd8d-499e-493a-9d24-681b40dfba3d" />
  </Folder>
  <Folder Name="/Shared/">
    <Project Path="Shared/Shared.csproj" Id="130c4560-d77e-4ce8-ad48-f5d6e6130c05" />
  </Folder>
  <Project Path="VerificarPar/VerificarPar.csproj" />
</Solution>
